
Microsoft Visual Studio Solution File, Format Version 12.00
# Visual Studio Version 17
VisualStudioVersion = 17.0.31903.59
MinimumVisualStudioVersion = 10.0.40219.1
Project("{FAE04EC0-301F-11D3-BF4B-00C04F79EFBC}") = "Managed", "Managed\Managed.csproj", "{B05D3FA7-F86C-4752-BCBE-4129AA2DBB53}"
EndProject
Project("{FAE04EC0-301F-11D3-BF4B-00C04F79EFBC}") = "Console", "Console\Console.csproj", "{31ABBB32-7883-4429-96AA-85DEEA32115B}"
EndProject
Global
	GlobalSection(SolutionConfigurationPlatforms) = preSolution
		Debug|Any CPU = Debug|Any CPU
		Release|Any CPU = Release|Any CPU
	EndGlobalSection
	GlobalSection(SolutionProperties) = preSolution
		HideSolutionNode = FALSE
	EndGlobalSection
	GlobalSection(ProjectConfigurationPlatforms) = postSolution
		{B05D3FA7-F86C-4752-BCBE-4129AA2DBB53}.Debug|Any CPU.ActiveCfg = Debug|Any CPU
		{B05D3FA7-F86C-4752-BCBE-4129AA2DBB53}.Debug|Any CPU.Build.0 = Debug|Any CPU
		{B05D3FA7-F86C-4752-BCBE-4129AA2DBB53}.Release|Any CPU.ActiveCfg = Release|Any CPU
		{B05D3FA7-F86C-4752-BCBE-4129AA2DBB53}.Release|Any CPU.Build.0 = Release|Any CPU
		{31ABBB32-7883-4429-96AA-85DEEA32115B}.Debug|Any CPU.ActiveCfg = Debug|Any CPU
		{31ABBB32-7883-4429-96AA-85DEEA32115B}.Debug|Any CPU.Build.0 = Debug|Any CPU
		{31ABBB32-7883-4429-96AA-85DEEA32115B}.Release|Any CPU.ActiveCfg = Release|Any CPU
		{31ABBB32-7883-4429-96AA-85DEEA32115B}.Release|Any CPU.Build.0 = Release|Any CPU
	EndGlobalSection
EndGlobal
